
Microsoft Visual Studio Solution File, Format Version 12.00
# Visual Studio Version 16
VisualStudioVersion = 16.0.31727.386
MinimumVisualStudioVersion = 10.0.40219.1
Project("{FAE04EC0-301F-11D3-BF4B-00C04F79EFBC}") = "Lab6-2", "Lab6-2\Lab6-2.csproj", "{CD905F58-F97F-450E-8ABA-A6C8AE2CC713}"
EndProject
Global
	GlobalSection(SolutionConfigurationPlatforms) = preSolution
		Debug|Any CPU = Debug|Any CPU
		Release|Any CPU = Release|Any CPU
	EndGlobalSection
	GlobalSection(ProjectConfigurationPlatforms) = postSolution
		{CD905F58-F97F-450E-8ABA-A6C8AE2CC713}.Debug|Any CPU.ActiveCfg = Debug|Any CPU
		{CD905F58-F97F-450E-8ABA-A6C8AE2CC713}.Debug|Any CPU.Build.0 = Debug|Any CPU
		{CD905F58-F97F-450E-8ABA-A6C8AE2CC713}.Release|Any CPU.ActiveCfg = Release|Any CPU
		{CD905F58-F97F-450E-8ABA-A6C8AE2CC713}.Release|Any CPU.Build.0 = Release|Any CPU
	EndGlobalSection
	GlobalSection(SolutionProperties) = preSolution
		HideSolutionNode = FALSE
	EndGlobalSection
	GlobalSection(ExtensibilityGlobals) = postSolution
		SolutionGuid = {27D18DE8-BE5D-4438-9A03-3956591FFE6B}
	EndGlobalSection
EndGlobal
